// !$*UTF8*$!
{
	archiveVersion = 1;
	classes = {
	};
	objectVersion = 54;
	objects = {

/* Begin PBXBuildFile section */
		49144354C21D4B52E09BFF8B /* libPods-MarigoldSDKReactNative.a in Frameworks */ = {isa = PBXBuildFile; fileRef = 6C524A33DA8FC0A5189C0468 /* libPods-MarigoldSDKReactNative.a */; };
		B934F55A23EA1EE3009DE68E /* RNMarigoldTests.mm in Sources */ = {isa = PBXBuildFile; fileRef = B934F55823EA1EE3009DE68E /* RNMarigoldTests.mm */; };
		B934F55B23EA1EE3009DE68E /* RNMarigoldBridgeTests.mm in Sources */ = {isa = PBXBuildFile; fileRef = B934F55923EA1EE3009DE68E /* RNMarigoldBridgeTests.mm */; };
		C6EDFD697D061F17195EEBD5 /* libPods-MarigoldSDKReactNative-MarigoldSDKReactNativeTests.a in Frameworks */ = {isa = PBXBuildFile; fileRef = CF9E4D34CEC7B60EA77A6DF5 /* libPods-MarigoldSDKReactNative-MarigoldSDKReactNativeTests.a */; };
		E282D1A92B8581F300EECE61 /* RNEngageBySailthruTests.mm in Sources */ = {isa = PBXBuildFile; fileRef = E282D1A82B8581F300EECE61 /* RNEngageBySailthruTests.mm */; };
		E2B0BA3B2B96BFE7008A982B /* RNMessageStreamTests.mm in Sources */ = {isa = PBXBuildFile; fileRef = E2B0BA362B96ABB4008A982B /* RNMessageStreamTests.mm */; };
		FAD26B542D1261C2000CBDE7 /* RNEngageBySailthru.mm in Sources */ = {isa = PBXBuildFile; fileRef = E282D1AA2B85824300EECE61 /* RNEngageBySailthru.mm */; };
		FAD26B552D1261C2000CBDE7 /* RNMarigold.mm in Sources */ = {isa = PBXBuildFile; fileRef = B934F55323EA1E68009DE68E /* RNMarigold.mm */; };
		FAD26B562D1261C2000CBDE7 /* RNMarigoldBridge.mm in Sources */ = {isa = PBXBuildFile; fileRef = B934F55223EA1E68009DE68E /* RNMarigoldBridge.mm */; };
		FAD26B572D1261C2000CBDE7 /* RNMessageStream.mm in Sources */ = {isa = PBXBuildFile; fileRef = E2B0BA342B96A87D008A982B /* RNMessageStream.mm */; };
		FAD26B592D127044000CBDE7 /* Foundation.framework in Frameworks */ = {isa = PBXBuildFile; fileRef = FAD26B582D127044000CBDE7 /* Foundation.framework */; };
/* End PBXBuildFile section */

/* Begin PBXCopyFilesBuildPhase section */
		FA5EF5A5213F41AF00D9E6A9 /* CopyFiles */ = {
			isa = PBXCopyFilesBuildPhase;
			buildActionMask = 2147483647;
			dstPath = "include/$(PRODUCT_NAME)";
			dstSubfolderSpec = 16;
			files = (
			);
			runOnlyForDeploymentPostprocessing = 0;
		};
/* End PBXCopyFilesBuildPhase section */

/* Begin PBXFileReference section */
		25517F88D87B3F4F46BEC852 /* Pods-MarigoldSDKReactNative.release.xcconfig */ = {isa = PBXFileReference; includeInIndex = 1; lastKnownFileType = text.xcconfig; name = "Pods-MarigoldSDKReactNative.release.xcconfig"; path = "Target Support Files/Pods-MarigoldSDKReactNative/Pods-MarigoldSDKReactNative.release.xcconfig"; sourceTree = "<group>"; };
		64BC6B221EE86DE003751766 /* Pods-MarigoldSDKReactNativeTests.debug.xcconfig */ = {isa = PBXFileReference; includeInIndex = 1; lastKnownFileType = text.xcconfig; name = "Pods-MarigoldSDKReactNativeTests.debug.xcconfig"; path = "Target Support Files/Pods-MarigoldSDKReactNativeTests/Pods-MarigoldSDKReactNativeTests.debug.xcconfig"; sourceTree = "<group>"; };
		6C524A33DA8FC0A5189C0468 /* libPods-MarigoldSDKReactNative.a */ = {isa = PBXFileReference; explicitFileType = archive.ar; includeInIndex = 0; path = "libPods-MarigoldSDKReactNative.a"; sourceTree = BUILT_PRODUCTS_DIR; };
		7388405E8688C3BE22E9805D /* Pods-MarigoldSDKReactNative-MarigoldSDKReactNativeTests.debug.xcconfig */ = {isa = PBXFileReference; includeInIndex = 1; lastKnownFileType = text.xcconfig; name = "Pods-MarigoldSDKReactNative-MarigoldSDKReactNativeTests.debug.xcconfig"; path = "Target Support Files/Pods-MarigoldSDKReactNative-MarigoldSDKReactNativeTests/Pods-MarigoldSDKReactNative-MarigoldSDKReactNativeTests.debug.xcconfig"; sourceTree = "<group>"; };
		A3DBD6F0BEBC8CDC0CBDFC03 /* Pods-MarigoldSDKReactNativeTests.release.xcconfig */ = {isa = PBXFileReference; includeInIndex = 1; lastKnownFileType = text.xcconfig; name = "Pods-MarigoldSDKReactNativeTests.release.xcconfig"; path = "Target Support Files/Pods-MarigoldSDKReactNativeTests/Pods-MarigoldSDKReactNativeTests.release.xcconfig"; sourceTree = "<group>"; };
		B934F55023EA1E67009DE68E /* RNMarigoldBridge.h */ = {isa = PBXFileReference; fileEncoding = 4; lastKnownFileType = sourcecode.c.h; path = RNMarigoldBridge.h; sourceTree = "<group>"; };
		B934F55123EA1E67009DE68E /* RNMarigold.h */ = {isa = PBXFileReference; fileEncoding = 4; lastKnownFileType = sourcecode.c.h; path = RNMarigold.h; sourceTree = "<group>"; };
		B934F55223EA1E68009DE68E /* RNMarigoldBridge.mm */ = {isa = PBXFileReference; fileEncoding = 4; lastKnownFileType = sourcecode.cpp.objcpp; path = RNMarigoldBridge.mm; sourceTree = "<group>"; };
		B934F55323EA1E68009DE68E /* RNMarigold.mm */ = {isa = PBXFileReference; fileEncoding = 4; lastKnownFileType = sourcecode.cpp.objcpp; path = RNMarigold.mm; sourceTree = "<group>"; };
		B934F55823EA1EE3009DE68E /* RNMarigoldTests.mm */ = {isa = PBXFileReference; fileEncoding = 4; lastKnownFileType = sourcecode.cpp.objcpp; path = RNMarigoldTests.mm; sourceTree = "<group>"; };
		B934F55923EA1EE3009DE68E /* RNMarigoldBridgeTests.mm */ = {isa = PBXFileReference; fileEncoding = 4; lastKnownFileType = sourcecode.cpp.objcpp; path = RNMarigoldBridgeTests.mm; sourceTree = "<group>"; };
		CF9E4D34CEC7B60EA77A6DF5 /* libPods-MarigoldSDKReactNative-MarigoldSDKReactNativeTests.a */ = {isa = PBXFileReference; explicitFileType = archive.ar; includeInIndex = 0; path = "libPods-MarigoldSDKReactNative-MarigoldSDKReactNativeTests.a"; sourceTree = BUILT_PRODUCTS_DIR; };
		E282D1A82B8581F300EECE61 /* RNEngageBySailthruTests.mm */ = {isa = PBXFileReference; lastKnownFileType = sourcecode.cpp.objcpp; path = RNEngageBySailthruTests.mm; sourceTree = "<group>"; };
		E282D1AA2B85824300EECE61 /* RNEngageBySailthru.mm */ = {isa = PBXFileReference; lastKnownFileType = sourcecode.cpp.objcpp; path = RNEngageBySailthru.mm; sourceTree = "<group>"; };
		E282D1AC2B85825400EECE61 /* RNEngageBySailthru.h */ = {isa = PBXFileReference; lastKnownFileType = sourcecode.c.h; path = RNEngageBySailthru.h; sourceTree = "<group>"; };
		E2B0BA332B96A85D008A982B /* RNMessageStream.h */ = {isa = PBXFileReference; lastKnownFileType = sourcecode.c.h; path = RNMessageStream.h; sourceTree = "<group>"; };
		E2B0BA342B96A87D008A982B /* RNMessageStream.mm */ = {isa = PBXFileReference; lastKnownFileType = sourcecode.cpp.objcpp; path = RNMessageStream.mm; sourceTree = "<group>"; };
		E2B0BA362B96ABB4008A982B /* RNMessageStreamTests.mm */ = {isa = PBXFileReference; lastKnownFileType = sourcecode.cpp.objcpp; path = RNMessageStreamTests.mm; sourceTree = "<group>"; };
		E7C9BC22FD20DB8F7CEA3615 /* Pods-MarigoldSDKReactNative.debug.xcconfig */ = {isa = PBXFileReference; includeInIndex = 1; lastKnownFileType = text.xcconfig; name = "Pods-MarigoldSDKReactNative.debug.xcconfig"; path = "Target Support Files/Pods-MarigoldSDKReactNative/Pods-MarigoldSDKReactNative.debug.xcconfig"; sourceTree = "<group>"; };
		F88044D4ACDFC07152DBE25A /* Pods-MarigoldSDKReactNative-MarigoldSDKReactNativeTests.release.xcconfig */ = {isa = PBXFileReference; includeInIndex = 1; lastKnownFileType = text.xcconfig; name = "Pods-MarigoldSDKReactNative-MarigoldSDKReactNativeTests.release.xcconfig"; path = "Target Support Files/Pods-MarigoldSDKReactNative-MarigoldSDKReactNativeTests/Pods-MarigoldSDKReactNative-MarigoldSDKReactNativeTests.release.xcconfig"; sourceTree = "<group>"; };
		FA5EF5A7213F41AF00D9E6A9 /* libMarigoldSDKReactNative.a */ = {isa = PBXFileReference; explicitFileType = archive.ar; includeInIndex = 0; path = libMarigoldSDKReactNative.a; sourceTree = BUILT_PRODUCTS_DIR; };
		FA5EF5BB213F433200D9E6A9 /* MarigoldSDKReactNativeTests.xctest */ = {isa = PBXFileReference; explicitFileType = wrapper.cfbundle; includeInIndex = 0; path = MarigoldSDKReactNativeTests.xctest; sourceTree = BUILT_PRODUCTS_DIR; };
		FA5EF5BF213F433200D9E6A9 /* Info.plist */ = {isa = PBXFileReference; lastKnownFileType = text.plist.xml; path = Info.plist; sourceTree = "<group>"; };
		FAD26B582D127044000CBDE7 /* Foundation.framework */ = {isa = PBXFileReference; lastKnownFileType = wrapper.framework; name = Foundation.framework; path = Platforms/MacOSX.platform/Developer/SDKs/MacOSX15.0.sdk/System/Library/Frameworks/Foundation.framework; sourceTree = DEVELOPER_DIR; };
/* End PBXFileReference section */

/* Begin PBXFrameworksBuildPhase section */
		FA5EF5A4213F41AF00D9E6A9 /* Frameworks */ = {
			isa = PBXFrameworksBuildPhase;
			buildActionMask = 2147483647;
			files = (
				FAD26B592D127044000CBDE7 /* Foundation.framework in Frameworks */,
				49144354C21D4B52E09BFF8B /* libPods-MarigoldSDKReactNative.a in Frameworks */,
			);
			runOnlyForDeploymentPostprocessing = 0;
		};
		FA5EF5B8213F433200D9E6A9 /* Frameworks */ = {
			isa = PBXFrameworksBuildPhase;
			buildActionMask = 2147483647;
			files = (
				C6EDFD697D061F17195EEBD5 /* libPods-MarigoldSDKReactNative-MarigoldSDKReactNativeTests.a in Frameworks */,
			);
			runOnlyForDeploymentPostprocessing = 0;
		};
/* End PBXFrameworksBuildPhase section */

/* Begin PBXGroup section */
		ED2C36BC0E717A5C93B654B9 /* Frameworks */ = {
			isa = PBXGroup;
			children = (
				FAD26B582D127044000CBDE7 /* Foundation.framework */,
				6C524A33DA8FC0A5189C0468 /* libPods-MarigoldSDKReactNative.a */,
				CF9E4D34CEC7B60EA77A6DF5 /* libPods-MarigoldSDKReactNative-MarigoldSDKReactNativeTests.a */,
			);
			name = Frameworks;
			sourceTree = "<group>";
		};
		F3AB1E13B6D82B526F6C9899 /* Pods */ = {
			isa = PBXGroup;
			children = (
				E7C9BC22FD20DB8F7CEA3615 /* Pods-MarigoldSDKReactNative.debug.xcconfig */,
				25517F88D87B3F4F46BEC852 /* Pods-MarigoldSDKReactNative.release.xcconfig */,
				64BC6B221EE86DE003751766 /* Pods-MarigoldSDKReactNativeTests.debug.xcconfig */,
				A3DBD6F0BEBC8CDC0CBDFC03 /* Pods-MarigoldSDKReactNativeTests.release.xcconfig */,
				7388405E8688C3BE22E9805D /* Pods-MarigoldSDKReactNative-MarigoldSDKReactNativeTests.debug.xcconfig */,
				F88044D4ACDFC07152DBE25A /* Pods-MarigoldSDKReactNative-MarigoldSDKReactNativeTests.release.xcconfig */,
			);
			path = Pods;
			sourceTree = "<group>";
		};
		FA5EF59E213F41AF00D9E6A9 = {
			isa = PBXGroup;
			children = (
				FA917315213F4FA9004C6974 /* MarigoldSDKReactNative */,
				FA5EF5BC213F433200D9E6A9 /* MarigoldSDKReactNativeTests */,
				FA5EF5A8213F41AF00D9E6A9 /* Products */,
				F3AB1E13B6D82B526F6C9899 /* Pods */,
				ED2C36BC0E717A5C93B654B9 /* Frameworks */,
			);
			sourceTree = "<group>";
		};
		FA5EF5A8213F41AF00D9E6A9 /* Products */ = {
			isa = PBXGroup;
			children = (
				FA5EF5A7213F41AF00D9E6A9 /* libMarigoldSDKReactNative.a */,
				FA5EF5BB213F433200D9E6A9 /* MarigoldSDKReactNativeTests.xctest */,
			);
			name = Products;
			sourceTree = "<group>";
		};
		FA5EF5BC213F433200D9E6A9 /* MarigoldSDKReactNativeTests */ = {
			isa = PBXGroup;
			children = (
				E282D1A82B8581F300EECE61 /* RNEngageBySailthruTests.mm */,
				B934F55923EA1EE3009DE68E /* RNMarigoldBridgeTests.mm */,
				B934F55823EA1EE3009DE68E /* RNMarigoldTests.mm */,
				E2B0BA362B96ABB4008A982B /* RNMessageStreamTests.mm */,
				FA5EF5BF213F433200D9E6A9 /* Info.plist */,
			);
			path = MarigoldSDKReactNativeTests;
			sourceTree = "<group>";
		};
		FA917315213F4FA9004C6974 /* MarigoldSDKReactNative */ = {
			isa = PBXGroup;
			children = (
				E282D1AC2B85825400EECE61 /* RNEngageBySailthru.h */,
				E282D1AA2B85824300EECE61 /* RNEngageBySailthru.mm */,
				B934F55123EA1E67009DE68E /* RNMarigold.h */,
				B934F55323EA1E68009DE68E /* RNMarigold.mm */,
				B934F55023EA1E67009DE68E /* RNMarigoldBridge.h */,
				B934F55223EA1E68009DE68E /* RNMarigoldBridge.mm */,
				E2B0BA332B96A85D008A982B /* RNMessageStream.h */,
				E2B0BA342B96A87D008A982B /* RNMessageStream.mm */,
			);
			name = MarigoldSDKReactNative;
			sourceTree = "<group>";
		};
/* End PBXGroup section */

/* Begin PBXNativeTarget section */
		FA5EF5A6213F41AF00D9E6A9 /* MarigoldSDKReactNative */ = {
			isa = PBXNativeTarget;
			buildConfigurationList = FA5EF5B0213F41AF00D9E6A9 /* Build configuration list for PBXNativeTarget "MarigoldSDKReactNative" */;
			buildPhases = (
				15A1DD86604CF530AE31A111 /* [CP] Check Pods Manifest.lock */,
				FA5EF5A3213F41AF00D9E6A9 /* Sources */,
				FA5EF5A4213F41AF00D9E6A9 /* Frameworks */,
				FA5EF5A5213F41AF00D9E6A9 /* CopyFiles */,
			);
			buildRules = (
			);
			dependencies = (
			);
			name = MarigoldSDKReactNative;
			productName = CarnivalSDKReactNative;
			productReference = FA5EF5A7213F41AF00D9E6A9 /* libMarigoldSDKReactNative.a */;
			productType = "com.apple.product-type.library.static";
		};
		FA5EF5BA213F433200D9E6A9 /* MarigoldSDKReactNativeTests */ = {
			isa = PBXNativeTarget;
			buildConfigurationList = FA5EF5C3213F433200D9E6A9 /* Build configuration list for PBXNativeTarget "MarigoldSDKReactNativeTests" */;
			buildPhases = (
				0C2D7AE8AD14D14C706564A6 /* [CP] Check Pods Manifest.lock */,
				FA5EF5B7213F433200D9E6A9 /* Sources */,
				FA5EF5B8213F433200D9E6A9 /* Frameworks */,
				FA5EF5B9213F433200D9E6A9 /* Resources */,
				D2C9B1B49761852FFB23457B /* [CP] Embed Pods Frameworks */,
				F4DB6BC9B1E060C7653CDD59 /* [CP] Copy Pods Resources */,
			);
			buildRules = (
			);
			dependencies = (
			);
			name = MarigoldSDKReactNativeTests;
			productName = CarnivalSDKReactNativeTests;
			productReference = FA5EF5BB213F433200D9E6A9 /* MarigoldSDKReactNativeTests.xctest */;
			productType = "com.apple.product-type.bundle.unit-test";
		};
/* End PBXNativeTarget section */

/* Begin PBXProject section */
		FA5EF59F213F41AF00D9E6A9 /* Project object */ = {
			isa = PBXProject;
			attributes = {
				LastUpgradeCheck = 0940;
				ORGANIZATIONNAME = Carnival;
				TargetAttributes = {
					FA5EF5A6213F41AF00D9E6A9 = {
						CreatedOnToolsVersion = 9.4.1;
					};
					FA5EF5BA213F433200D9E6A9 = {
						CreatedOnToolsVersion = 9.4.1;
					};
				};
			};
			buildConfigurationList = FA5EF5A2213F41AF00D9E6A9 /* Build configuration list for PBXProject "MarigoldSDKReactNative" */;
			compatibilityVersion = "Xcode 9.3";
			developmentRegion = en;
			hasScannedForEncodings = 0;
			knownRegions = (
				en,
			);
			mainGroup = FA5EF59E213F41AF00D9E6A9;
			productRefGroup = FA5EF5A8213F41AF00D9E6A9 /* Products */;
			projectDirPath = "";
			projectRoot = "";
			targets = (
				FA5EF5A6213F41AF00D9E6A9 /* MarigoldSDKReactNative */,
				FA5EF5BA213F433200D9E6A9 /* MarigoldSDKReactNativeTests */,
			);
		};
/* End PBXProject section */

/* Begin PBXResourcesBuildPhase section */
		FA5EF5B9213F433200D9E6A9 /* Resources */ = {
			isa = PBXResourcesBuildPhase;
			buildActionMask = 2147483647;
			files = (
			);
			runOnlyForDeploymentPostprocessing = 0;
		};
/* End PBXResourcesBuildPhase section */

/* Begin PBXShellScriptBuildPhase section */
		0C2D7AE8AD14D14C706564A6 /* [CP] Check Pods Manifest.lock */ = {
			isa = PBXShellScriptBuildPhase;
			buildActionMask = 2147483647;
			files = (
			);
			inputFileListPaths = (
			);
			inputPaths = (
				"${PODS_PODFILE_DIR_PATH}/Podfile.lock",
				"${PODS_ROOT}/Manifest.lock",
			);
			name = "[CP] Check Pods Manifest.lock";
			outputFileListPaths = (
			);
			outputPaths = (
				"$(DERIVED_FILE_DIR)/Pods-MarigoldSDKReactNative-MarigoldSDKReactNativeTests-checkManifestLockResult.txt",
			);
			runOnlyForDeploymentPostprocessing = 0;
			shellPath = /bin/sh;
			shellScript = "diff \"${PODS_PODFILE_DIR_PATH}/Podfile.lock\" \"${PODS_ROOT}/Manifest.lock\" > /dev/null\nif [ $? != 0 ] ; then\n    # print error to STDERR\n    echo \"error: The sandbox is not in sync with the Podfile.lock. Run 'pod install' or update your CocoaPods installation.\" >&2\n    exit 1\nfi\n# This output is used by Xcode 'outputs' to avoid re-running this script phase.\necho \"SUCCESS\" > \"${SCRIPT_OUTPUT_FILE_0}\"\n";
			showEnvVarsInLog = 0;
		};
		15A1DD86604CF530AE31A111 /* [CP] Check Pods Manifest.lock */ = {
			isa = PBXShellScriptBuildPhase;
			buildActionMask = 2147483647;
			files = (
			);
			inputFileListPaths = (
			);
			inputPaths = (
				"${PODS_PODFILE_DIR_PATH}/Podfile.lock",
				"${PODS_ROOT}/Manifest.lock",
			);
			name = "[CP] Check Pods Manifest.lock";
			outputFileListPaths = (
			);
			outputPaths = (
				"$(DERIVED_FILE_DIR)/Pods-MarigoldSDKReactNative-checkManifestLockResult.txt",
			);
			runOnlyForDeploymentPostprocessing = 0;
			shellPath = /bin/sh;
			shellScript = "diff \"${PODS_PODFILE_DIR_PATH}/Podfile.lock\" \"${PODS_ROOT}/Manifest.lock\" > /dev/null\nif [ $? != 0 ] ; then\n    # print error to STDERR\n    echo \"error: The sandbox is not in sync with the Podfile.lock. Run 'pod install' or update your CocoaPods installation.\" >&2\n    exit 1\nfi\n# This output is used by Xcode 'outputs' to avoid re-running this script phase.\necho \"SUCCESS\" > \"${SCRIPT_OUTPUT_FILE_0}\"\n";
			showEnvVarsInLog = 0;
		};
		D2C9B1B49761852FFB23457B /* [CP] Embed Pods Frameworks */ = {
			isa = PBXShellScriptBuildPhase;
			buildActionMask = 2147483647;
			files = (
			);
			inputFileListPaths = (
				"${PODS_ROOT}/Target Support Files/Pods-MarigoldSDKReactNative-MarigoldSDKReactNativeTests/Pods-MarigoldSDKReactNative-MarigoldSDKReactNativeTests-frameworks-${CONFIGURATION}-input-files.xcfilelist",
			);
			inputPaths = (
			);
			name = "[CP] Embed Pods Frameworks";
			outputFileListPaths = (
				"${PODS_ROOT}/Target Support Files/Pods-MarigoldSDKReactNative-MarigoldSDKReactNativeTests/Pods-MarigoldSDKReactNative-MarigoldSDKReactNativeTests-frameworks-${CONFIGURATION}-output-files.xcfilelist",
			);
			outputPaths = (
			);
			runOnlyForDeploymentPostprocessing = 0;
			shellPath = /bin/sh;
			shellScript = "\"${PODS_ROOT}/Target Support Files/Pods-MarigoldSDKReactNative-MarigoldSDKReactNativeTests/Pods-MarigoldSDKReactNative-MarigoldSDKReactNativeTests-frameworks.sh\"\n";
			showEnvVarsInLog = 0;
		};
		F4DB6BC9B1E060C7653CDD59 /* [CP] Copy Pods Resources */ = {
			isa = PBXShellScriptBuildPhase;
			buildActionMask = 2147483647;
			files = (
			);
			inputFileListPaths = (
				"${PODS_ROOT}/Target Support Files/Pods-MarigoldSDKReactNative-MarigoldSDKReactNativeTests/Pods-MarigoldSDKReactNative-MarigoldSDKReactNativeTests-resources-${CONFIGURATION}-input-files.xcfilelist",
			);
			inputPaths = (
			);
			name = "[CP] Copy Pods Resources";
			outputFileListPaths = (
				"${PODS_ROOT}/Target Support Files/Pods-MarigoldSDKReactNative-MarigoldSDKReactNativeTests/Pods-MarigoldSDKReactNative-MarigoldSDKReactNativeTests-resources-${CONFIGURATION}-output-files.xcfilelist",
			);
			outputPaths = (
			);
			runOnlyForDeploymentPostprocessing = 0;
			shellPath = /bin/sh;
			shellScript = "\"${PODS_ROOT}/Target Support Files/Pods-MarigoldSDKReactNative-MarigoldSDKReactNativeTests/Pods-MarigoldSDKReactNative-MarigoldSDKReactNativeTests-resources.sh\"\n";
			showEnvVarsInLog = 0;
		};
/* End PBXShellScriptBuildPhase section */

/* Begin PBXSourcesBuildPhase section */
		FA5EF5A3213F41AF00D9E6A9 /* Sources */ = {
			isa = PBXSourcesBuildPhase;
			buildActionMask = 2147483647;
			files = (
			);
			runOnlyForDeploymentPostprocessing = 0;
		};
		FA5EF5B7213F433200D9E6A9 /* Sources */ = {
			isa = PBXSourcesBuildPhase;
			buildActionMask = 2147483647;
			files = (
				FAD26B542D1261C2000CBDE7 /* RNEngageBySailthru.mm in Sources */,
				FAD26B552D1261C2000CBDE7 /* RNMarigold.mm in Sources */,
				FAD26B562D1261C2000CBDE7 /* RNMarigoldBridge.mm in Sources */,
				FAD26B572D1261C2000CBDE7 /* RNMessageStream.mm in Sources */,
				E282D1A92B8581F300EECE61 /* RNEngageBySailthruTests.mm in Sources */,
				E2B0BA3B2B96BFE7008A982B /* RNMessageStreamTests.mm in Sources */,
				B934F55A23EA1EE3009DE68E /* RNMarigoldTests.mm in Sources */,
				B934F55B23EA1EE3009DE68E /* RNMarigoldBridgeTests.mm in Sources */,
			);
			runOnlyForDeploymentPostprocessing = 0;
		};
/* End PBXSourcesBuildPhase section */

/* Begin XCBuildConfiguration section */
		FA5EF5AE213F41AF00D9E6A9 /* Debug */ = {
			isa = XCBuildConfiguration;
			buildSettings = {
				ALWAYS_SEARCH_USER_PATHS = NO;
				CC = "";
				CLANG_ANALYZER_NONNULL = YES;
				CLANG_ANALYZER_NUMBER_OBJECT_CONVERSION = YES_AGGRESSIVE;
				CLANG_CXX_LANGUAGE_STANDARD = "c++20";
				CLANG_CXX_LIBRARY = "libc++";
				CLANG_ENABLE_MODULES = YES;
				CLANG_ENABLE_OBJC_ARC = YES;
				CLANG_ENABLE_OBJC_WEAK = YES;
				CLANG_WARN_BLOCK_CAPTURE_AUTORELEASING = YES;
				CLANG_WARN_BOOL_CONVERSION = YES;
				CLANG_WARN_COMMA = YES;
				CLANG_WARN_CONSTANT_CONVERSION = YES;
				CLANG_WARN_DEPRECATED_OBJC_IMPLEMENTATIONS = YES;
				CLANG_WARN_DIRECT_OBJC_ISA_USAGE = YES_ERROR;
				CLANG_WARN_DOCUMENTATION_COMMENTS = YES;
				CLANG_WARN_EMPTY_BODY = YES;
				CLANG_WARN_ENUM_CONVERSION = YES;
				CLANG_WARN_INFINITE_RECURSION = YES;
				CLANG_WARN_INT_CONVERSION = YES;
				CLANG_WARN_NON_LITERAL_NULL_CONVERSION = YES;
				CLANG_WARN_OBJC_IMPLICIT_RETAIN_SELF = YES;
				CLANG_WARN_OBJC_LITERAL_CONVERSION = YES;
				CLANG_WARN_OBJC_ROOT_CLASS = YES_ERROR;
				CLANG_WARN_RANGE_LOOP_ANALYSIS = YES;
				CLANG_WARN_STRICT_PROTOTYPES = YES;
				CLANG_WARN_SUSPICIOUS_MOVE = YES;
				CLANG_WARN_UNGUARDED_AVAILABILITY = YES_AGGRESSIVE;
				CLANG_WARN_UNREACHABLE_CODE = YES;
				CLANG_WARN__DUPLICATE_METHOD_MATCH = YES;
				CODE_SIGN_IDENTITY = "iPhone Developer";
				COPY_PHASE_STRIP = NO;
				CXX = "";
				DEBUG_INFORMATION_FORMAT = dwarf;
				ENABLE_STRICT_OBJC_MSGSEND = YES;
				ENABLE_TESTABILITY = YES;
				"EXCLUDED_ARCHS[sdk=iphonesimulator*]" = "";
				GCC_C_LANGUAGE_STANDARD = gnu11;
				GCC_DYNAMIC_NO_PIC = NO;
				GCC_NO_COMMON_BLOCKS = YES;
				GCC_OPTIMIZATION_LEVEL = 0;
				GCC_PREPROCESSOR_DEFINITIONS = (
					"DEBUG=1",
					"$(inherited)",
				);
				GCC_WARN_64_TO_32_BIT_CONVERSION = YES;
				GCC_WARN_ABOUT_RETURN_TYPE = YES_ERROR;
				GCC_WARN_UNDECLARED_SELECTOR = YES;
				GCC_WARN_UNINITIALIZED_AUTOS = YES_AGGRESSIVE;
				GCC_WARN_UNUSED_FUNCTION = YES;
				GCC_WARN_UNUSED_VARIABLE = YES;
				IPHONEOS_DEPLOYMENT_TARGET = 15.6;
				LD = "";
				LDPLUSPLUS = "";
				MTL_ENABLE_DEBUG_INFO = YES;
				ONLY_ACTIVE_ARCH = YES;
				OTHER_LDFLAGS = "$(inherited)  ";
				REACT_NATIVE_PATH = "${PODS_ROOT}/../../node_modules/react-native";
				SDKROOT = iphoneos;
				SWIFT_ACTIVE_COMPILATION_CONDITIONS = "$(inherited) DEBUG";
				USE_HERMES = false;
			};
			name = Debug;
		};
		FA5EF5AF213F41AF00D9E6A9 /* Release */ = {
			isa = XCBuildConfiguration;
			buildSettings = {
				ALWAYS_SEARCH_USER_PATHS = NO;
				CC = "";
				CLANG_ANALYZER_NONNULL = YES;
				CLANG_ANALYZER_NUMBER_OBJECT_CONVERSION = YES_AGGRESSIVE;
				CLANG_CXX_LANGUAGE_STANDARD = "c++20";
				CLANG_CXX_LIBRARY = "libc++";
				CLANG_ENABLE_MODULES = YES;
				CLANG_ENABLE_OBJC_ARC = YES;
				CLANG_ENABLE_OBJC_WEAK = YES;
				CLANG_WARN_BLOCK_CAPTURE_AUTORELEASING = YES;
				CLANG_WARN_BOOL_CONVERSION = YES;
				CLANG_WARN_COMMA = YES;
				CLANG_WARN_CONSTANT_CONVERSION = YES;
				CLANG_WARN_DEPRECATED_OBJC_IMPLEMENTATIONS = YES;
				CLANG_WARN_DIRECT_OBJC_ISA_USAGE = YES_ERROR;
				CLANG_WARN_DOCUMENTATION_COMMENTS = YES;
				CLANG_WARN_EMPTY_BODY = YES;
				CLANG_WARN_ENUM_CONVERSION = YES;
				CLANG_WARN_INFINITE_RECURSION = YES;
				CLANG_WARN_INT_CONVERSION = YES;
				CLANG_WARN_NON_LITERAL_NULL_CONVERSION = YES;
				CLANG_WARN_OBJC_IMPLICIT_RETAIN_SELF = YES;
				CLANG_WARN_OBJC_LITERAL_CONVERSION = YES;
				CLANG_WARN_OBJC_ROOT_CLASS = YES_ERROR;
				CLANG_WARN_RANGE_LOOP_ANALYSIS = YES;
				CLANG_WARN_STRICT_PROTOTYPES = YES;
				CLANG_WARN_SUSPICIOUS_MOVE = YES;
				CLANG_WARN_UNGUARDED_AVAILABILITY = YES_AGGRESSIVE;
				CLANG_WARN_UNREACHABLE_CODE = YES;
				CLANG_WARN__DUPLICATE_METHOD_MATCH = YES;
				CODE_SIGN_IDENTITY = "iPhone Developer";
				COPY_PHASE_STRIP = NO;
				CXX = "";
				DEBUG_INFORMATION_FORMAT = "dwarf-with-dsym";
				ENABLE_NS_ASSERTIONS = NO;
				ENABLE_STRICT_OBJC_MSGSEND = YES;
				"EXCLUDED_ARCHS[sdk=iphonesimulator*]" = "";
				GCC_C_LANGUAGE_STANDARD = gnu11;
				GCC_NO_COMMON_BLOCKS = YES;
				GCC_WARN_64_TO_32_BIT_CONVERSION = YES;
				GCC_WARN_ABOUT_RETURN_TYPE = YES_ERROR;
				GCC_WARN_UNDECLARED_SELECTOR = YES;
				GCC_WARN_UNINITIALIZED_AUTOS = YES_AGGRESSIVE;
				GCC_WARN_UNUSED_FUNCTION = YES;
				GCC_WARN_UNUSED_VARIABLE = YES;
				IPHONEOS_DEPLOYMENT_TARGET = 15.6;
				LD = "";
				LDPLUSPLUS = "";
				MTL_ENABLE_DEBUG_INFO = NO;
				OTHER_LDFLAGS = "$(inherited)  ";
				REACT_NATIVE_PATH = "${PODS_ROOT}/../../node_modules/react-native";
				SDKROOT = iphoneos;
				USE_HERMES = false;
				VALIDATE_PRODUCT = YES;
			};
			name = Release;
		};
		FA5EF5B1213F41AF00D9E6A9 /* Debug */ = {
			isa = XCBuildConfiguration;
			baseConfigurationReference = E7C9BC22FD20DB8F7CEA3615 /* Pods-MarigoldSDKReactNative.debug.xcconfig */;
			buildSettings = {
				CODE_SIGN_STYLE = Manual;
				DEVELOPMENT_TEAM = "";
				OTHER_LDFLAGS = (
					"-ObjC",
					"$(inherited)",
				);
				PRODUCT_NAME = "$(TARGET_NAME)";
				SKIP_INSTALL = YES;
				TARGETED_DEVICE_FAMILY = "1,2";
			};
			name = Debug;
		};
		FA5EF5B2213F41AF00D9E6A9 /* Release */ = {
			isa = XCBuildConfiguration;
			baseConfigurationReference = 25517F88D87B3F4F46BEC852 /* Pods-MarigoldSDKReactNative.release.xcconfig */;
			buildSettings = {
				CODE_SIGN_STYLE = Manual;
				DEVELOPMENT_TEAM = "";
				OTHER_LDFLAGS = (
					"-ObjC",
					"$(inherited)",
				);
				PRODUCT_NAME = "$(TARGET_NAME)";
				SKIP_INSTALL = YES;
				TARGETED_DEVICE_FAMILY = "1,2";
			};
			name = Release;
		};
		FA5EF5C4213F433200D9E6A9 /* Debug */ = {
			isa = XCBuildConfiguration;
			baseConfigurationReference = 7388405E8688C3BE22E9805D /* Pods-MarigoldSDKReactNative-MarigoldSDKReactNativeTests.debug.xcconfig */;
			buildSettings = {
				CODE_SIGN_STYLE = Manual;
				DEVELOPMENT_TEAM = "";
				GCC_PREPROCESSOR_DEFINITIONS = (
					"$(inherited)",
					"COCOAPODS=1",
					"RCT_NEW_ARCH_ENABLED=1",
				);
				HEADER_SEARCH_PATHS = "$(inherited)";
				INFOPLIST_FILE = MarigoldSDKReactNativeTests/Info.plist;
				LD_RUNPATH_SEARCH_PATHS = (
					"$(inherited)",
					"@executable_path/Frameworks",
					"@loader_path/Frameworks",
				);
				PRODUCT_BUNDLE_IDENTIFIER = com.sailthru.mobile.MarigoldSDKReactNativeTests;
				PRODUCT_NAME = "$(TARGET_NAME)";
				PROVISIONING_PROFILE_SPECIFIER = "";
				TARGETED_DEVICE_FAMILY = "1,2";
			};
			name = Debug;
		};
		FA5EF5C5213F433200D9E6A9 /* Release */ = {
			isa = XCBuildConfiguration;
			baseConfigurationReference = F88044D4ACDFC07152DBE25A /* Pods-MarigoldSDKReactNative-MarigoldSDKReactNativeTests.release.xcconfig */;
			buildSettings = {
				CODE_SIGN_STYLE = Manual;
				DEVELOPMENT_TEAM = "";
				HEADER_SEARCH_PATHS = "$(inherited)";
				INFOPLIST_FILE = MarigoldSDKReactNativeTests/Info.plist;
				LD_RUNPATH_SEARCH_PATHS = (
					"$(inherited)",
					"@executable_path/Frameworks",
					"@loader_path/Frameworks",
				);
				PRODUCT_BUNDLE_IDENTIFIER = com.sailthru.mobile.MarigoldSDKReactNativeTests;
				PRODUCT_NAME = "$(TARGET_NAME)";
				PROVISIONING_PROFILE_SPECIFIER = "";
				TARGETED_DEVICE_FAMILY = "1,2";
			};
			name = Release;
		};
/* End XCBuildConfiguration section */

/* Begin XCConfigurationList section */
		FA5EF5A2213F41AF00D9E6A9 /* Build configuration list for PBXProject "MarigoldSDKReactNative" */ = {
			isa = XCConfigurationList;
			buildConfigurations = (
				FA5EF5AE213F41AF00D9E6A9 /* Debug */,
				FA5EF5AF213F41AF00D9E6A9 /* Release */,
			);
			defaultConfigurationIsVisible = 0;
			defaultConfigurationName = Release;
		};
		FA5EF5B0213F41AF00D9E6A9 /* Build configuration list for PBXNativeTarget "MarigoldSDKReactNative" */ = {
			isa = XCConfigurationList;
			buildConfigurations = (
				FA5EF5B1213F41AF00D9E6A9 /* Debug */,
				FA5EF5B2213F41AF00D9E6A9 /* Release */,
			);
			defaultConfigurationIsVisible = 0;
			defaultConfigurationName = Release;
		};
		FA5EF5C3213F433200D9E6A9 /* Build configuration list for PBXNativeTarget "MarigoldSDKReactNativeTests" */ = {
			isa = XCConfigurationList;
			buildConfigurations = (
				FA5EF5C4213F433200D9E6A9 /* Debug */,
				FA5EF5C5213F433200D9E6A9 /* Release */,
			);
			defaultConfigurationIsVisible = 0;
			defaultConfigurationName = Release;
		};
/* End XCConfigurationList section */
	};
	rootObject = FA5EF59F213F41AF00D9E6A9 /* Project object */;
}
