PODS:
  - boost-for-react-native (1.63.0)
  - Carnival (7.3.2)
  - DoubleConversion (1.1.5)
  - Folly (2016.10.31.00):
    - boost-for-react-native
    - DoubleConversion
    - glog
  - glog (0.3.4)
  - Kiwi (2.4.0)
  - OCMock (3.1.2)
  - React/Core (0.56.0):
    - yoga (= 0.56.0.React)
  - React/CxxBridge (0.56.0):
    - Folly (= 2016.10.31.00)
    - React/Core
    - React/cxxreact
  - React/cxxreact (0.56.0):
    - boost-for-react-native (= 1.63.0)
    - Folly (= 2016.10.31.00)
    - React/jschelpers
    - React/jsinspector
  - React/jschelpers (0.56.0):
    - Folly (= 2016.10.31.00)
    - React/PrivateDatabase
  - React/jsinspector (0.56.0)
  - React/PrivateDatabase (0.56.0)
  - yoga (0.56.0.React)

DEPENDENCIES:
  - Carnival (= 7.3.2)
  - Folly (from `../node_modules/react-native/third-party-podspecs/Folly.podspec`)
  - Kiwi (= 2.4.0)
  - OCMock (= 3.1.2)
  - React/Core (from `../node_modules/react-native`)
  - React/CxxBridge (from `../node_modules/react-native`)
  - yoga (from `../node_modules/react-native/ReactCommon/yoga`)

SPEC REPOS:
  https://github.com/cocoapods/specs.git:
    - boost-for-react-native
    - Carnival
    - DoubleConversion
    - glog
    - Kiwi
    - OCMock

EXTERNAL SOURCES:
  Folly:
    :podspec: "../node_modules/react-native/third-party-podspecs/Folly.podspec"
  React:
    :path: "../node_modules/react-native"
  yoga:
    :path: "../node_modules/react-native/ReactCommon/yoga"

SPEC CHECKSUMS:
  boost-for-react-native: 39c7adb57c4e60d6c5479dd8623128eb5b3f0f2c
  Carnival: 85ec66a8f0c934dec9f3b4862c0ddcb00195b368
  DoubleConversion: e22e0762848812a87afd67ffda3998d9ef29170c
  Folly: c89ac2d5c6ab169cd7397ef27485c44f35f742c7
  glog: 1de0bb937dccdc981596d3b5825ebfb765017ded
  Kiwi: f49c9d54b28917df5928fe44968a39ed198cb8a8
  OCMock: a10ea9f0a6e921651f96f78b6faee95ebc813b92
  React: 1fe0eb13d90b625d94c3b117c274dcfd2e760e11
  yoga: b1ce48b6cf950b98deae82838f5173ea7cf89e85

PODFILE CHECKSUM: f33b03ef9ddb283410833257973a0c955f309913

COCOAPODS: 1.5.3
