PODS:
  - boost-for-react-native (1.63.0)
  - Carnival (10.1.0-beta):
    - Carnival/Extension (= 10.1.0-beta)
  - Carnival/Extension (10.1.0-beta)
  - DoubleConversion (1.1.5)
  - Folly (2016.10.31.00):
    - boost-for-react-native
    - DoubleConversion
    - glog
  - glog (0.3.4)
  - Kiwi (2.4.0)
  - OCMock (3.1.2)
  - React/Core (0.56.0):
    - yoga (= 0.56.0.React)
  - React/CxxBridge (0.56.0):
    - Folly (= 2016.10.31.00)
    - React/Core
    - React/cxxreact
  - React/cxxreact (0.56.0):
    - boost-for-react-native (= 1.63.0)
    - Folly (= 2016.10.31.00)
    - React/jschelpers
    - React/jsinspector
  - React/jschelpers (0.56.0):
    - Folly (= 2016.10.31.00)
    - React/PrivateDatabase
  - React/jsinspector (0.56.0)
  - React/PrivateDatabase (0.56.0)
  - SailthruMobile (10.1.0-beta):
    - SailthruMobile/Extension (= 10.1.0-beta)
  - SailthruMobile/Extension (10.1.0-beta)
  - yoga (0.56.0.React)

DEPENDENCIES:
  - Carnival (= 10.1.0-beta)
  - Folly (from `../node_modules/react-native/third-party-podspecs/Folly.podspec`)
  - Kiwi (= 2.4.0)
  - OCMock (= 3.1.2)
  - React/Core (from `../node_modules/react-native`)
  - React/CxxBridge (from `../node_modules/react-native`)
  - SailthruMobile (= 10.1.0-beta)
  - yoga (from `../node_modules/react-native/ReactCommon/yoga`)

SPEC REPOS:
  https://github.com/CocoaPods/Specs.git:
    - boost-for-react-native
    - DoubleConversion
    - glog
    - Kiwi
    - OCMock
  trunk:
    - Carnival
    - SailthruMobile

EXTERNAL SOURCES:
  Folly:
    :podspec: "../node_modules/react-native/third-party-podspecs/Folly.podspec"
  React:
    :path: "../node_modules/react-native"
  yoga:
    :path: "../node_modules/react-native/ReactCommon/yoga"

SPEC CHECKSUMS:
  boost-for-react-native: 39c7adb57c4e60d6c5479dd8623128eb5b3f0f2c
  Carnival: 67bebcb948d68672f2a1adcd36450d8bcf17d3ab
  DoubleConversion: e22e0762848812a87afd67ffda3998d9ef29170c
  Folly: c89ac2d5c6ab169cd7397ef27485c44f35f742c7
  glog: 1de0bb937dccdc981596d3b5825ebfb765017ded
  Kiwi: f49c9d54b28917df5928fe44968a39ed198cb8a8
  OCMock: a10ea9f0a6e921651f96f78b6faee95ebc813b92
  React: bdb39c05e2eed10a43056cff89a68bc9ebe7f232
  SailthruMobile: d5d621469007c0d1fa7fbddfcd85825eab2c35ed
  yoga: 2418c171de153cbe3c94dc28c3bf691b1695ae17

PODFILE CHECKSUM: a379e577a63b4f8e1d4345b633a18e5d0ce1801d

COCOAPODS: 1.8.4
